{
  "version": 4,
  "terraform_version": "1.1.8",
  "serial": 68,
  "lineage": "2be7635a-e032-7ed1-6c4e-7fed07ad7fab",
  "outputs": {
    "Login": {
      "value": "ssh -i terraform-keypairs ubuntu@13.40.126.155",
      "type": "string"
    },
    "access": {
      "value": "http://13.40.126.155/index.php",
      "type": "string"
    },
    "ami_id": {
      "value": "ami-0b42a18b2c9c5ba83",
      "type": "string"
    },
    "azs": {
      "value": [
        [
          "sa-east-1a",
          "sa-east-1b",
          "sa-east-1c"
        ]
      ],
      "type": [
        "tuple",
        [
          [
            "list",
            "string"
          ]
        ]
      ]
    },
    "db_access_from_ec2": {
      "value": "mysql -h terraform-20220414235109307700000001.ccogdiwtzjlk.sa-east-1.rds.amazonaws.com -P 3306 -u pavan -ppavan12345",
      "type": "string"
    }
  },
  "resources": [
    {
      "mode": "data",
      "type": "aws_ami",
      "name": "ubuntu",
      "provider": "provider[\"registry.terraform.io/hashicorp/aws\"]",
      "instances": [
        {
          "schema_version": 0,
          "attributes": {
            "architecture": "x86_64",
            "arn": "arn:aws:ec2:sa-east-1::image/ami-0b42a18b2c9c5ba83",
            "block_device_mappings": [
              {
                "device_name": "/dev/sda1",
                "ebs": {
                  "delete_on_termination": "true",
                  "encrypted": "false",
                  "iops": "0",
                  "snapshot_id": "snap-0e93fa6eb68cfffc8",
                  "throughput": "0",
                  "volume_size": "8",
                  "volume_type": "gp2"
                },
                "no_device": "",
                "virtual_name": ""
              },
              {
                "device_name": "/dev/sdb",
                "ebs": {},
                "no_device": "",
                "virtual_name": "ephemeral0"
              },
              {
                "device_name": "/dev/sdc",
                "ebs": {},
                "no_device": "",
                "virtual_name": "ephemeral1"
              }
            ],
            "boot_mode": "",
            "creation_date": "2019-11-11T13:10:44.000Z",
            "description": "Canonical, Ubuntu, 14.04 LTS, amd64 trusty image build on 2019-11-07",
            "ena_support": true,
            "executable_users": null,
            "filter": [
              {
                "name": "name",
                "values": [
                  "ubuntu/images/hvm-ssd/ubuntu-trusty-14.04-amd64-server-*"
                ]
              },
              {
                "name": "virtualization-type",
                "values": [
                  "hvm"
                ]
              }
            ],
            "hypervisor": "xen",
            "id": "ami-0b42a18b2c9c5ba83",
            "image_id": "ami-0b42a18b2c9c5ba83",
            "image_location": "099720109477/ubuntu/images/hvm-ssd/ubuntu-trusty-14.04-amd64-server-20191107",
            "image_owner_alias": null,
            "image_type": "machine",
            "kernel_id": null,
            "most_recent": true,
            "name": "ubuntu/images/hvm-ssd/ubuntu-trusty-14.04-amd64-server-20191107",
            "name_regex": null,
            "owner_id": "099720109477",
            "owners": [
              "099720109477"
            ],
            "platform": null,
            "platform_details": "Linux/UNIX",
            "product_codes": [],
            "public": true,
            "ramdisk_id": null,
            "root_device_name": "/dev/sda1",
            "root_device_type": "ebs",
            "root_snapshot_id": "snap-0e93fa6eb68cfffc8",
            "sriov_net_support": "simple",
            "state": "available",
            "state_reason": {
              "code": "UNSET",
              "message": "UNSET"
            },
            "tags": {},
            "usage_operation": "RunInstances",
            "virtualization_type": "hvm"
          },
          "sensitive_attributes": []
        }
      ]
    },
    {
      "mode": "data",
      "type": "aws_availability_zones",
      "name": "azs",
      "provider": "provider[\"registry.terraform.io/hashicorp/aws\"]",
      "instances": [
        {
          "schema_version": 0,
          "attributes": {
            "all_availability_zones": null,
            "exclude_names": null,
            "exclude_zone_ids": null,
            "filter": null,
            "group_names": [
              "sa-east-1"
            ],
            "id": "sa-east-1",
            "names": [
              "sa-east-1a",
              "sa-east-1b",
              "sa-east-1c"
            ],
            "state": null,
            "zone_ids": [
              "sae1-az1",
              "sae1-az2",
              "sae1-az3"
            ]
          },
          "sensitive_attributes": []
        }
      ]
    },
    {
      "mode": "data",
      "type": "template_file",
      "name": "phpconfig",
      "provider": "provider[\"registry.terraform.io/hashicorp/template\"]",
      "instances": [
        {
          "schema_version": 0,
          "attributes": {
            "filename": null,
            "id": "3f565d7c6c9df969c2582d099e2162b8e888200272779ab917e39f633ee462de",
            "rendered": "\u003c?php\n/**\n * The base configuration for WordPress\n *\n * The wp-config.php creation script uses this file during the\n * installation. You don't have to use the web site, you can\n * copy this file to \"wp-config.php\" and fill in the values.\n *\n * This file contains the following configurations:\n *\n * * MySQL settings\n * * Secret keys\n * * Database table prefix\n * * ABSPATH\n *\n * @link https://codex.wordpress.org/Editing_wp-config.php\n *\n * @package WordPress\n */\n\n// ** MySQL settings - You can get this info from your web host ** //\n/** The name of the database for WordPress */\ndefine( 'DB_NAME', 'mydb' );\n\n/** MySQL database username */\ndefine( 'DB_USER', 'pavan' );\n\n/** MySQL database password */\ndefine( 'DB_PASSWORD', 'pavan12345' );\n\n/** MySQL hostname */\ndefine( 'DB_HOST', 'terraform-20220414235109307700000001.ccogdiwtzjlk.sa-east-1.rds.amazonaws.com:3306' );\n\n/** Database Charset to use in creating database tables. */\ndefine( 'DB_CHARSET', 'utf8' );\n\n/** The Database Collate type. Don't change this if in doubt. */\ndefine( 'DB_COLLATE', '' );\n\n/**#@+\n * Authentication Unique Keys and Salts.\n *\n * Change these to different unique phrases!\n * You can generate these using the {@link https://api.wordpress.org/secret-key/1.1/salt/ WordPress.org secret-key service}\n * You can change these at any point in time to invalidate all existing cookies. This will force all users to have to log in again.\n *\n * @since 2.6.0\n */\ndefine( 'AUTH_KEY',         'put your unique phrase here' );\ndefine( 'SECURE_AUTH_KEY',  'put your unique phrase here' );\ndefine( 'LOGGED_IN_KEY',    'put your unique phrase here' );\ndefine( 'NONCE_KEY',        'put your unique phrase here' );\ndefine( 'AUTH_SALT',        'put your unique phrase here' );\ndefine( 'SECURE_AUTH_SALT', 'put your unique phrase here' );\ndefine( 'LOGGED_IN_SALT',   'put your unique phrase here' );\ndefine( 'NONCE_SALT',       'put your unique phrase here' );\n\n/**#@-*/\n\n/**\n * WordPress Database Table prefix.\n *\n * You can have multiple installations in one database if you give each\n * a unique prefix. Only numbers, letters, and underscores please!\n */\n$table_prefix = 'wp_';\n\n/**\n * For developers: WordPress debugging mode.\n *\n * Change this to true to enable the display of notices during development.\n * It is strongly recommended that plugin and theme developers use WP_DEBUG\n * in their development environments.\n *\n * For information on other constants that can be used for debugging,\n * visit the Codex.\n *\n * @link https://codex.wordpress.org/Debugging_in_WordPress\n */\ndefine( 'WP_DEBUG', false );\n\n/* That's all, stop editing! Happy publishing. */\n\n/** Absolute path to the WordPress directory. */\nif ( ! defined( 'ABSPATH' ) ) {\n\tdefine( 'ABSPATH', dirname( __FILE__ ) . '/' );\n}\n\n/** Sets up WordPress vars and included files. */\nrequire_once( ABSPATH . 'wp-settings.php' );",
            "template": "\u003c?php\n/**\n * The base configuration for WordPress\n *\n * The wp-config.php creation script uses this file during the\n * installation. You don't have to use the web site, you can\n * copy this file to \"wp-config.php\" and fill in the values.\n *\n * This file contains the following configurations:\n *\n * * MySQL settings\n * * Secret keys\n * * Database table prefix\n * * ABSPATH\n *\n * @link https://codex.wordpress.org/Editing_wp-config.php\n *\n * @package WordPress\n */\n\n// ** MySQL settings - You can get this info from your web host ** //\n/** The name of the database for WordPress */\ndefine( 'DB_NAME', '${db_name}' );\n\n/** MySQL database username */\ndefine( 'DB_USER', '${db_user}' );\n\n/** MySQL database password */\ndefine( 'DB_PASSWORD', '${db_pass}' );\n\n/** MySQL hostname */\ndefine( 'DB_HOST', '${db_host}:${db_port}' );\n\n/** Database Charset to use in creating database tables. */\ndefine( 'DB_CHARSET', 'utf8' );\n\n/** The Database Collate type. Don't change this if in doubt. */\ndefine( 'DB_COLLATE', '' );\n\n/**#@+\n * Authentication Unique Keys and Salts.\n *\n * Change these to different unique phrases!\n * You can generate these using the {@link https://api.wordpress.org/secret-key/1.1/salt/ WordPress.org secret-key service}\n * You can change these at any point in time to invalidate all existing cookies. This will force all users to have to log in again.\n *\n * @since 2.6.0\n */\ndefine( 'AUTH_KEY',         'put your unique phrase here' );\ndefine( 'SECURE_AUTH_KEY',  'put your unique phrase here' );\ndefine( 'LOGGED_IN_KEY',    'put your unique phrase here' );\ndefine( 'NONCE_KEY',        'put your unique phrase here' );\ndefine( 'AUTH_SALT',        'put your unique phrase here' );\ndefine( 'SECURE_AUTH_SALT', 'put your unique phrase here' );\ndefine( 'LOGGED_IN_SALT',   'put your unique phrase here' );\ndefine( 'NONCE_SALT',       'put your unique phrase here' );\n\n/**#@-*/\n\n/**\n * WordPress Database Table prefix.\n *\n * You can have multiple installations in one database if you give each\n * a unique prefix. Only numbers, letters, and underscores please!\n */\n$table_prefix = 'wp_';\n\n/**\n * For developers: WordPress debugging mode.\n *\n * Change this to true to enable the display of notices during development.\n * It is strongly recommended that plugin and theme developers use WP_DEBUG\n * in their development environments.\n *\n * For information on other constants that can be used for debugging,\n * visit the Codex.\n *\n * @link https://codex.wordpress.org/Debugging_in_WordPress\n */\ndefine( 'WP_DEBUG', false );\n\n/* That's all, stop editing! Happy publishing. */\n\n/** Absolute path to the WordPress directory. */\nif ( ! defined( 'ABSPATH' ) ) {\n\tdefine( 'ABSPATH', dirname( __FILE__ ) . '/' );\n}\n\n/** Sets up WordPress vars and included files. */\nrequire_once( ABSPATH . 'wp-settings.php' );",
            "vars": {
              "db_host": "terraform-20220414235109307700000001.ccogdiwtzjlk.sa-east-1.rds.amazonaws.com",
              "db_name": "mydb",
              "db_pass": "pavan12345",
              "db_port": "3306",
              "db_user": "pavan"
            }
          },
          "sensitive_attributes": []
        }
      ]
    },
    {
      "mode": "managed",
      "type": "aws_db_instance",
      "name": "mysql",
      "provider": "provider[\"registry.terraform.io/hashicorp/aws\"]",
      "instances": [
        {
          "schema_version": 1,
          "attributes": {
            "address": "terraform-20220414235109307700000001.ccogdiwtzjlk.sa-east-1.rds.amazonaws.com",
            "allocated_storage": 20,
            "allow_major_version_upgrade": null,
            "apply_immediately": null,
            "arn": "arn:aws:rds:sa-east-1:391504138775:db:terraform-20220414235109307700000001",
            "auto_minor_version_upgrade": true,
            "availability_zone": "sa-east-1c",
            "backup_retention_period": 0,
            "backup_window": "05:18-05:48",
            "ca_cert_identifier": "rds-ca-2019",
            "character_set_name": "",
            "copy_tags_to_snapshot": false,
            "customer_owned_ip_enabled": false,
            "db_name": "mydb",
            "db_subnet_group_name": "terraform-subngroup",
            "delete_automated_backups": true,
            "deletion_protection": false,
            "domain": "",
            "domain_iam_role_name": "",
            "enabled_cloudwatch_logs_exports": null,
            "endpoint": "terraform-20220414235109307700000001.ccogdiwtzjlk.sa-east-1.rds.amazonaws.com:3306",
            "engine": "mysql",
            "engine_version": "5.7",
            "engine_version_actual": "5.7.37",
            "final_snapshot_identifier": null,
            "hosted_zone_id": "ZLRUIUX7Z3ZF7",
            "iam_database_authentication_enabled": false,
            "id": "terraform-20220414235109307700000001",
            "identifier": "terraform-20220414235109307700000001",
            "identifier_prefix": "terraform-",
            "instance_class": "db.t2.micro",
            "iops": 0,
            "kms_key_id": "",
            "latest_restorable_time": "0001-01-01T00:00:00Z",
            "license_model": "general-public-license",
            "maintenance_window": "sat:03:12-sat:03:42",
            "max_allocated_storage": 0,
            "monitoring_interval": 0,
            "monitoring_role_arn": "",
            "multi_az": false,
            "name": "mydb",
            "nchar_character_set_name": "",
            "option_group_name": "default:mysql-5-7",
            "parameter_group_name": "default.mysql5.7",
            "password": "pavan12345",
            "performance_insights_enabled": false,
            "performance_insights_kms_key_id": "",
            "performance_insights_retention_period": 0,
            "port": 3306,
            "publicly_accessible": false,
            "replica_mode": "",
            "replicas": [],
            "replicate_source_db": "",
            "resource_id": "db-5X3OWGMUQR5RODMPFTHWYZ652M",
            "restore_to_point_in_time": [],
            "s3_import": [],
            "security_group_names": null,
            "skip_final_snapshot": true,
            "snapshot_identifier": null,
            "status": "available",
            "storage_encrypted": false,
            "storage_type": "gp2",
            "tags": null,
            "tags_all": {},
            "timeouts": null,
            "timezone": "",
            "username": "pavan",
            "vpc_security_group_ids": [
              "sg-035dd61668e4eecc7"
            ]
          },
          "sensitive_attributes": [],
          "private": "eyJlMmJmYjczMC1lY2FhLTExZTYtOGY4OC0zNDM2M2JjN2M0YzAiOnsiY3JlYXRlIjoyNDAwMDAwMDAwMDAwLCJkZWxldGUiOjM2MDAwMDAwMDAwMDAsInVwZGF0ZSI6NDgwMDAwMDAwMDAwMH0sInNjaGVtYV92ZXJzaW9uIjoiMSJ9",
          "dependencies": [
            "aws_db_subnet_group.mysql",
            "aws_security_group.mysql",
            "aws_security_group.web",
            "aws_subnet.private1",
            "aws_subnet.private2",
            "aws_subnet.private3",
            "aws_vpc.vpc",
            "data.aws_availability_zones.azs"
          ]
        }
      ]
    },
    {
      "mode": "managed",
      "type": "aws_db_subnet_group",
      "name": "mysql",
      "provider": "provider[\"registry.terraform.io/hashicorp/aws\"]",
      "instances": [
        {
          "schema_version": 0,
          "attributes": {
            "arn": "arn:aws:rds:sa-east-1:391504138775:subgrp:terraform-subngroup",
            "description": "Managed by Terraform",
            "id": "terraform-subngroup",
            "name": "terraform-subngroup",
            "name_prefix": null,
            "subnet_ids": [
              "subnet-04fa4515ea171e2c3",
              "subnet-07206e1771f3c43f3",
              "subnet-0af32719c8b103663"
            ],
            "tags": {
              "Name": "terraform-subnetGroup"
            },
            "tags_all": {
              "Name": "terraform-subnetGroup"
            }
          },
          "sensitive_attributes": [],
          "private": "bnVsbA==",
          "dependencies": [
            "aws_subnet.private1",
            "aws_subnet.private2",
            "aws_subnet.private3",
            "aws_vpc.vpc",
            "data.aws_availability_zones.azs"
          ]
        }
      ]
    },
    {
      "mode": "managed",
      "type": "aws_eip",
      "name": "eip",
      "provider": "provider[\"registry.terraform.io/hashicorp/aws\"]",
      "instances": [
        {
          "schema_version": 0,
          "attributes": {
            "address": null,
            "allocation_id": "eipalloc-0e2b265a3fb8ab953",
            "associate_with_private_ip": null,
            "association_id": "",
            "carrier_ip": "",
            "customer_owned_ip": "",
            "customer_owned_ipv4_pool": "",
            "domain": "vpc",
            "id": "eipalloc-0e2b265a3fb8ab953",
            "instance": "",
            "network_border_group": "sa-east-1",
            "network_interface": "",
            "private_dns": null,
            "private_ip": "",
            "public_dns": "ec2-18-230-161-132.sa-east-1.compute.amazonaws.com",
            "public_ip": "18.230.161.132",
            "public_ipv4_pool": "amazon",
            "tags": {
              "Name": "terraform-nat-ip"
            },
            "tags_all": {
              "Name": "terraform-nat-ip"
            },
            "timeouts": null,
            "vpc": true
          },
          "sensitive_attributes": [],
          "private": "eyJlMmJmYjczMC1lY2FhLTExZTYtOGY4OC0zNDM2M2JjN2M0YzAiOnsiZGVsZXRlIjoxODAwMDAwMDAwMDAsInJlYWQiOjkwMDAwMDAwMDAwMCwidXBkYXRlIjozMDAwMDAwMDAwMDB9fQ=="
        }
      ]
    },
    {
      "mode": "managed",
      "type": "aws_internet_gateway",
      "name": "igw",
      "provider": "provider[\"registry.terraform.io/hashicorp/aws\"]",
      "instances": [
        {
          "schema_version": 0,
          "attributes": {
            "arn": "arn:aws:ec2:sa-east-1:391504138775:internet-gateway/igw-0a872c4b4dd832ed2",
            "id": "igw-0a872c4b4dd832ed2",
            "owner_id": "391504138775",
            "tags": {
              "Name": "terraform-igw"
            },
            "tags_all": {
              "Name": "terraform-igw"
            },
            "vpc_id": "vpc-0641b8855c1034fae"
          },
          "sensitive_attributes": [],
          "private": "bnVsbA==",
          "dependencies": [
            "aws_vpc.vpc"
          ]
        }
      ]
    },
    {
      "mode": "managed",
      "type": "aws_key_pair",
      "name": "keypair1",
      "provider": "provider[\"registry.terraform.io/hashicorp/aws\"]",
      "instances": [
        {
          "schema_version": 1,
          "attributes": {
            "arn": "arn:aws:ec2:sa-east-1:391504138775:key-pair/terraform-keypairs",
            "fingerprint": "c8:84:d7:ce:b9:25:16:e5:90:6a:78:dc:de:8b:98:f4",
            "id": "terraform-keypairs",
            "key_name": "terraform-keypairs",
            "key_name_prefix": "",
            "key_pair_id": "key-012df6449b46b2c89",
            "public_key": "ssh-rsa AAAAB3NzaC1yc2EAAAADAQABAAABgQDNp4x6ZTi95n1WQMoe/0eLwBLG/I7uBU5NuUgi3J83JsuOU2p5pymvZK9oWNsGIBO5TdTCB2/+vJR6obvUhe10oj7PtJaRwGoadvBnx7uMTybP8Rx8sk4Sc9qXqKYgxsQPw2xpEXShyhnHxMFK31NZPGA3gsnB0uor6JbgCx74cOEILgbOnfyLuyNh9vfkAlLksfonH1cAmoYvzTROMxO4woWT1f1mjHMyUlNfGYMzKK78VHO2zh7kpiUEJ+wWHQyq+ypwUNi0CnzqVEkQg2N7h4AfzvuS5phAlS9BUWYPNqqQhfXC3v4Tb1d9goEUkbIW2fD7pjp4w5GGqBKxjokMNiJIqKM5zbDnBq8kT4d4CwhPell9vhJSwp15ddXu7pnriPDQpcuRhTdFlwJzlXtifVgjD4HYgmysXc7+vEYjZ28aTvrtCZA0uYEmMCKXRVsYeSYrfJ7KD8NckTjwqHk+CU6J8jlOVPULOLUYX1P+nZAwYcSZ3m5doH3BIkzpIJE= jvsell@jv-desk1",
            "tags": null,
            "tags_all": {}
          },
          "sensitive_attributes": [],
          "private": "eyJzY2hlbWFfdmVyc2lvbiI6IjEifQ=="
        }
      ]
    },
    {
      "mode": "managed",
      "type": "aws_nat_gateway",
      "name": "nat",
      "provider": "provider[\"registry.terraform.io/hashicorp/aws\"]",
      "instances": [
        {
          "schema_version": 0,
          "attributes": {
            "allocation_id": "eipalloc-0e2b265a3fb8ab953",
            "connectivity_type": "public",
            "id": "nat-05b406ce3bb6bb99b",
            "network_interface_id": "eni-0e5ec4ea4f86f906d",
            "private_ip": "10.0.1.126",
            "public_ip": "18.230.161.132",
            "subnet_id": "subnet-0727cf6eee60f37e2",
            "tags": {
              "Name": "terraform-nat"
            },
            "tags_all": {
              "Name": "terraform-nat"
            }
          },
          "sensitive_attributes": [],
          "private": "bnVsbA==",
          "dependencies": [
            "aws_eip.eip",
            "aws_subnet.public1",
            "aws_vpc.vpc",
            "data.aws_availability_zones.azs"
          ]
        }
      ]
    },
    {
      "mode": "managed",
      "type": "aws_route_table",
      "name": "private",
      "provider": "provider[\"registry.terraform.io/hashicorp/aws\"]",
      "instances": [
        {
          "schema_version": 0,
          "attributes": {
            "arn": "arn:aws:ec2:sa-east-1:391504138775:route-table/rtb-016fa4daed264b4c5",
            "id": "rtb-016fa4daed264b4c5",
            "owner_id": "391504138775",
            "propagating_vgws": [],
            "route": [
              {
                "carrier_gateway_id": "",
                "cidr_block": "0.0.0.0/0",
                "core_network_arn": "",
                "destination_prefix_list_id": "",
                "egress_only_gateway_id": "",
                "gateway_id": "nat-05b406ce3bb6bb99b",
                "instance_id": "",
                "ipv6_cidr_block": "",
                "local_gateway_id": "",
                "nat_gateway_id": "",
                "network_interface_id": "",
                "transit_gateway_id": "",
                "vpc_endpoint_id": "",
                "vpc_peering_connection_id": ""
              }
            ],
            "tags": {
              "Name": "terraform-private"
            },
            "tags_all": {
              "Name": "terraform-private"
            },
            "timeouts": null,
            "vpc_id": "vpc-0641b8855c1034fae"
          },
          "sensitive_attributes": [],
          "private": "eyJlMmJmYjczMC1lY2FhLTExZTYtOGY4OC0zNDM2M2JjN2M0YzAiOnsiY3JlYXRlIjozMDAwMDAwMDAwMDAsImRlbGV0ZSI6MzAwMDAwMDAwMDAwLCJ1cGRhdGUiOjEyMDAwMDAwMDAwMH19",
          "dependencies": [
            "aws_eip.eip",
            "aws_nat_gateway.nat",
            "aws_subnet.public1",
            "aws_vpc.vpc",
            "data.aws_availability_zones.azs"
          ]
        }
      ]
    },
    {
      "mode": "managed",
      "type": "aws_route_table",
      "name": "public",
      "provider": "provider[\"registry.terraform.io/hashicorp/aws\"]",
      "instances": [
        {
          "schema_version": 0,
          "attributes": {
            "arn": "arn:aws:ec2:sa-east-1:391504138775:route-table/rtb-059b4d1d2feacd62a",
            "id": "rtb-059b4d1d2feacd62a",
            "owner_id": "391504138775",
            "propagating_vgws": [],
            "route": [
              {
                "carrier_gateway_id": "",
                "cidr_block": "0.0.0.0/0",
                "core_network_arn": "",
                "destination_prefix_list_id": "",
                "egress_only_gateway_id": "",
                "gateway_id": "igw-0a872c4b4dd832ed2",
                "instance_id": "",
                "ipv6_cidr_block": "",
                "local_gateway_id": "",
                "nat_gateway_id": "",
                "network_interface_id": "",
                "transit_gateway_id": "",
                "vpc_endpoint_id": "",
                "vpc_peering_connection_id": ""
              }
            ],
            "tags": {
              "Name": "terraform-public"
            },
            "tags_all": {
              "Name": "terraform-public"
            },
            "timeouts": null,
            "vpc_id": "vpc-0641b8855c1034fae"
          },
          "sensitive_attributes": [],
          "private": "eyJlMmJmYjczMC1lY2FhLTExZTYtOGY4OC0zNDM2M2JjN2M0YzAiOnsiY3JlYXRlIjozMDAwMDAwMDAwMDAsImRlbGV0ZSI6MzAwMDAwMDAwMDAwLCJ1cGRhdGUiOjEyMDAwMDAwMDAwMH19",
          "dependencies": [
            "aws_internet_gateway.igw",
            "aws_vpc.vpc"
          ]
        }
      ]
    },
    {
      "mode": "managed",
      "type": "aws_route_table_association",
      "name": "private1",
      "provider": "provider[\"registry.terraform.io/hashicorp/aws\"]",
      "instances": [
        {
          "schema_version": 0,
          "attributes": {
            "gateway_id": "",
            "id": "rtbassoc-08725e0cf2702c574",
            "route_table_id": "rtb-016fa4daed264b4c5",
            "subnet_id": "subnet-07206e1771f3c43f3"
          },
          "sensitive_attributes": [],
          "private": "bnVsbA==",
          "dependencies": [
            "aws_eip.eip",
            "aws_nat_gateway.nat",
            "aws_route_table.private",
            "aws_subnet.private1",
            "aws_subnet.public1",
            "aws_vpc.vpc",
            "data.aws_availability_zones.azs"
          ]
        }
      ]
    },
    {
      "mode": "managed",
      "type": "aws_route_table_association",
      "name": "private2",
      "provider": "provider[\"registry.terraform.io/hashicorp/aws\"]",
      "instances": [
        {
          "schema_version": 0,
          "attributes": {
            "gateway_id": "",
            "id": "rtbassoc-0b238537152b94c21",
            "route_table_id": "rtb-016fa4daed264b4c5",
            "subnet_id": "subnet-0af32719c8b103663"
          },
          "sensitive_attributes": [],
          "private": "bnVsbA==",
          "dependencies": [
            "aws_eip.eip",
            "aws_nat_gateway.nat",
            "aws_route_table.private",
            "aws_subnet.private2",
            "aws_subnet.public1",
            "aws_vpc.vpc",
            "data.aws_availability_zones.azs"
          ]
        }
      ]
    },
    {
      "mode": "managed",
      "type": "aws_route_table_association",
      "name": "private3",
      "provider": "provider[\"registry.terraform.io/hashicorp/aws\"]",
      "instances": [
        {
          "schema_version": 0,
          "attributes": {
            "gateway_id": "",
            "id": "rtbassoc-092a39e63273a8999",
            "route_table_id": "rtb-016fa4daed264b4c5",
            "subnet_id": "subnet-04fa4515ea171e2c3"
          },
          "sensitive_attributes": [],
          "private": "bnVsbA==",
          "dependencies": [
            "aws_eip.eip",
            "aws_nat_gateway.nat",
            "aws_route_table.private",
            "aws_subnet.private3",
            "aws_subnet.public1",
            "aws_vpc.vpc",
            "data.aws_availability_zones.azs"
          ]
        }
      ]
    },
    {
      "mode": "managed",
      "type": "aws_route_table_association",
      "name": "public1",
      "provider": "provider[\"registry.terraform.io/hashicorp/aws\"]",
      "instances": [
        {
          "schema_version": 0,
          "attributes": {
            "gateway_id": "",
            "id": "rtbassoc-0ce4d5dd2271eca70",
            "route_table_id": "rtb-059b4d1d2feacd62a",
            "subnet_id": "subnet-0727cf6eee60f37e2"
          },
          "sensitive_attributes": [],
          "private": "bnVsbA==",
          "dependencies": [
            "aws_internet_gateway.igw",
            "aws_route_table.public",
            "aws_subnet.public1",
            "aws_vpc.vpc",
            "data.aws_availability_zones.azs"
          ]
        }
      ]
    },
    {
      "mode": "managed",
      "type": "aws_route_table_association",
      "name": "public2",
      "provider": "provider[\"registry.terraform.io/hashicorp/aws\"]",
      "instances": [
        {
          "schema_version": 0,
          "attributes": {
            "gateway_id": "",
            "id": "rtbassoc-0583466b4629733c5",
            "route_table_id": "rtb-059b4d1d2feacd62a",
            "subnet_id": "subnet-0773c71e74474adec"
          },
          "sensitive_attributes": [],
          "private": "bnVsbA==",
          "dependencies": [
            "aws_internet_gateway.igw",
            "aws_route_table.public",
            "aws_subnet.public2",
            "aws_vpc.vpc",
            "data.aws_availability_zones.azs"
          ]
        }
      ]
    },
    {
      "mode": "managed",
      "type": "aws_security_group",
      "name": "mysql",
      "provider": "provider[\"registry.terraform.io/hashicorp/aws\"]",
      "instances": [
        {
          "schema_version": 1,
          "attributes": {
            "arn": "arn:aws:ec2:sa-east-1:391504138775:security-group/sg-035dd61668e4eecc7",
            "description": "managed by terrafrom for db servers",
            "egress": [
              {
                "cidr_blocks": [
                  "0.0.0.0/0"
                ],
                "description": "",
                "from_port": 0,
                "ipv6_cidr_blocks": [],
                "prefix_list_ids": [],
                "protocol": "-1",
                "security_groups": [],
                "self": false,
                "to_port": 0
              }
            ],
            "id": "sg-035dd61668e4eecc7",
            "ingress": [
              {
                "cidr_blocks": [],
                "description": "",
                "from_port": 3306,
                "ipv6_cidr_blocks": [],
                "prefix_list_ids": [],
                "protocol": "tcp",
                "security_groups": [
                  "sg-0e4257e12206a6fc3"
                ],
                "self": false,
                "to_port": 3306
              }
            ],
            "name": "terraform-DBSG",
            "name_prefix": "",
            "owner_id": "391504138775",
            "revoke_rules_on_delete": false,
            "tags": {
              "Name": "terraform-DBSG"
            },
            "tags_all": {
              "Name": "terraform-DBSG"
            },
            "timeouts": null,
            "vpc_id": "vpc-0641b8855c1034fae"
          },
          "sensitive_attributes": [],
          "private": "eyJlMmJmYjczMC1lY2FhLTExZTYtOGY4OC0zNDM2M2JjN2M0YzAiOnsiY3JlYXRlIjo2MDAwMDAwMDAwMDAsImRlbGV0ZSI6OTAwMDAwMDAwMDAwfSwic2NoZW1hX3ZlcnNpb24iOiIxIn0=",
          "dependencies": [
            "aws_security_group.web",
            "aws_vpc.vpc"
          ]
        }
      ]
    },
    {
      "mode": "managed",
      "type": "aws_security_group",
      "name": "web",
      "provider": "provider[\"registry.terraform.io/hashicorp/aws\"]",
      "instances": [
        {
          "schema_version": 1,
          "attributes": {
            "arn": "arn:aws:ec2:sa-east-1:391504138775:security-group/sg-0e4257e12206a6fc3",
            "description": "This is for terraforms web servers security group",
            "egress": [
              {
                "cidr_blocks": [
                  "0.0.0.0/0"
                ],
                "description": "",
                "from_port": 0,
                "ipv6_cidr_blocks": [],
                "prefix_list_ids": [],
                "protocol": "-1",
                "security_groups": [],
                "self": false,
                "to_port": 0
              }
            ],
            "id": "sg-0e4257e12206a6fc3",
            "ingress": [
              {
                "cidr_blocks": [
                  "0.0.0.0/0"
                ],
                "description": "",
                "from_port": 22,
                "ipv6_cidr_blocks": [],
                "prefix_list_ids": [],
                "protocol": "tcp",
                "security_groups": [],
                "self": false,
                "to_port": 22
              },
              {
                "cidr_blocks": [
                  "0.0.0.0/0"
                ],
                "description": "",
                "from_port": 80,
                "ipv6_cidr_blocks": [],
                "prefix_list_ids": [],
                "protocol": "tcp",
                "security_groups": [],
                "self": false,
                "to_port": 80
              },
              {
                "cidr_blocks": [
                  "10.0.0.0/16"
                ],
                "description": "",
                "from_port": -1,
                "ipv6_cidr_blocks": [],
                "prefix_list_ids": [],
                "protocol": "icmp",
                "security_groups": [],
                "self": false,
                "to_port": -1
              }
            ],
            "name": "terraform-webSG",
            "name_prefix": "",
            "owner_id": "391504138775",
            "revoke_rules_on_delete": false,
            "tags": {
              "Name": "terraform-webSG"
            },
            "tags_all": {
              "Name": "terraform-webSG"
            },
            "timeouts": null,
            "vpc_id": "vpc-0641b8855c1034fae"
          },
          "sensitive_attributes": [],
          "private": "eyJlMmJmYjczMC1lY2FhLTExZTYtOGY4OC0zNDM2M2JjN2M0YzAiOnsiY3JlYXRlIjo2MDAwMDAwMDAwMDAsImRlbGV0ZSI6OTAwMDAwMDAwMDAwfSwic2NoZW1hX3ZlcnNpb24iOiIxIn0=",
          "dependencies": [
            "aws_vpc.vpc"
          ]
        }
      ]
    },
    {
      "mode": "managed",
      "type": "aws_subnet",
      "name": "private1",
      "provider": "provider[\"registry.terraform.io/hashicorp/aws\"]",
      "instances": [
        {
          "schema_version": 1,
          "attributes": {
            "arn": "arn:aws:ec2:sa-east-1:391504138775:subnet/subnet-07206e1771f3c43f3",
            "assign_ipv6_address_on_creation": false,
            "availability_zone": "sa-east-1a",
            "availability_zone_id": "sae1-az1",
            "cidr_block": "10.0.3.0/24",
            "customer_owned_ipv4_pool": "",
            "enable_dns64": false,
            "enable_resource_name_dns_a_record_on_launch": false,
            "enable_resource_name_dns_aaaa_record_on_launch": false,
            "id": "subnet-07206e1771f3c43f3",
            "ipv6_cidr_block": "",
            "ipv6_cidr_block_association_id": "",
            "ipv6_native": false,
            "map_customer_owned_ip_on_launch": false,
            "map_public_ip_on_launch": false,
            "outpost_arn": "",
            "owner_id": "391504138775",
            "private_dns_hostname_type_on_launch": "ip-name",
            "tags": {
              "Name": "terraform-private-1"
            },
            "tags_all": {
              "Name": "terraform-private-1"
            },
            "timeouts": null,
            "vpc_id": "vpc-0641b8855c1034fae"
          },
          "sensitive_attributes": [],
          "private": "eyJlMmJmYjczMC1lY2FhLTExZTYtOGY4OC0zNDM2M2JjN2M0YzAiOnsiY3JlYXRlIjo2MDAwMDAwMDAwMDAsImRlbGV0ZSI6MTIwMDAwMDAwMDAwMH0sInNjaGVtYV92ZXJzaW9uIjoiMSJ9",
          "dependencies": [
            "aws_vpc.vpc",
            "data.aws_availability_zones.azs"
          ]
        }
      ]
    },
    {
      "mode": "managed",
      "type": "aws_subnet",
      "name": "private2",
      "provider": "provider[\"registry.terraform.io/hashicorp/aws\"]",
      "instances": [
        {
          "schema_version": 1,
          "attributes": {
            "arn": "arn:aws:ec2:sa-east-1:391504138775:subnet/subnet-0af32719c8b103663",
            "assign_ipv6_address_on_creation": false,
            "availability_zone": "sa-east-1b",
            "availability_zone_id": "sae1-az2",
            "cidr_block": "10.0.4.0/24",
            "customer_owned_ipv4_pool": "",
            "enable_dns64": false,
            "enable_resource_name_dns_a_record_on_launch": false,
            "enable_resource_name_dns_aaaa_record_on_launch": false,
            "id": "subnet-0af32719c8b103663",
            "ipv6_cidr_block": "",
            "ipv6_cidr_block_association_id": "",
            "ipv6_native": false,
            "map_customer_owned_ip_on_launch": false,
            "map_public_ip_on_launch": false,
            "outpost_arn": "",
            "owner_id": "391504138775",
            "private_dns_hostname_type_on_launch": "ip-name",
            "tags": {
              "Name": "terraform-private-2"
            },
            "tags_all": {
              "Name": "terraform-private-2"
            },
            "timeouts": null,
            "vpc_id": "vpc-0641b8855c1034fae"
          },
          "sensitive_attributes": [],
          "private": "eyJlMmJmYjczMC1lY2FhLTExZTYtOGY4OC0zNDM2M2JjN2M0YzAiOnsiY3JlYXRlIjo2MDAwMDAwMDAwMDAsImRlbGV0ZSI6MTIwMDAwMDAwMDAwMH0sInNjaGVtYV92ZXJzaW9uIjoiMSJ9",
          "dependencies": [
            "aws_vpc.vpc",
            "data.aws_availability_zones.azs"
          ]
        }
      ]
    },
    {
      "mode": "managed",
      "type": "aws_subnet",
      "name": "private3",
      "provider": "provider[\"registry.terraform.io/hashicorp/aws\"]",
      "instances": [
        {
          "schema_version": 1,
          "attributes": {
            "arn": "arn:aws:ec2:sa-east-1:391504138775:subnet/subnet-04fa4515ea171e2c3",
            "assign_ipv6_address_on_creation": false,
            "availability_zone": "sa-east-1c",
            "availability_zone_id": "sae1-az3",
            "cidr_block": "10.0.5.0/24",
            "customer_owned_ipv4_pool": "",
            "enable_dns64": false,
            "enable_resource_name_dns_a_record_on_launch": false,
            "enable_resource_name_dns_aaaa_record_on_launch": false,
            "id": "subnet-04fa4515ea171e2c3",
            "ipv6_cidr_block": "",
            "ipv6_cidr_block_association_id": "",
            "ipv6_native": false,
            "map_customer_owned_ip_on_launch": false,
            "map_public_ip_on_launch": false,
            "outpost_arn": "",
            "owner_id": "391504138775",
            "private_dns_hostname_type_on_launch": "ip-name",
            "tags": {
              "Name": "terraform-private-3"
            },
            "tags_all": {
              "Name": "terraform-private-3"
            },
            "timeouts": null,
            "vpc_id": "vpc-0641b8855c1034fae"
          },
          "sensitive_attributes": [],
          "private": "eyJlMmJmYjczMC1lY2FhLTExZTYtOGY4OC0zNDM2M2JjN2M0YzAiOnsiY3JlYXRlIjo2MDAwMDAwMDAwMDAsImRlbGV0ZSI6MTIwMDAwMDAwMDAwMH0sInNjaGVtYV92ZXJzaW9uIjoiMSJ9",
          "dependencies": [
            "aws_vpc.vpc",
            "data.aws_availability_zones.azs"
          ]
        }
      ]
    },
    {
      "mode": "managed",
      "type": "aws_subnet",
      "name": "public1",
      "provider": "provider[\"registry.terraform.io/hashicorp/aws\"]",
      "instances": [
        {
          "schema_version": 1,
          "attributes": {
            "arn": "arn:aws:ec2:sa-east-1:391504138775:subnet/subnet-0727cf6eee60f37e2",
            "assign_ipv6_address_on_creation": false,
            "availability_zone": "sa-east-1a",
            "availability_zone_id": "sae1-az1",
            "cidr_block": "10.0.1.0/24",
            "customer_owned_ipv4_pool": "",
            "enable_dns64": false,
            "enable_resource_name_dns_a_record_on_launch": false,
            "enable_resource_name_dns_aaaa_record_on_launch": false,
            "id": "subnet-0727cf6eee60f37e2",
            "ipv6_cidr_block": "",
            "ipv6_cidr_block_association_id": "",
            "ipv6_native": false,
            "map_customer_owned_ip_on_launch": false,
            "map_public_ip_on_launch": false,
            "outpost_arn": "",
            "owner_id": "391504138775",
            "private_dns_hostname_type_on_launch": "ip-name",
            "tags": {
              "Name": "terraform-public-1"
            },
            "tags_all": {
              "Name": "terraform-public-1"
            },
            "timeouts": null,
            "vpc_id": "vpc-0641b8855c1034fae"
          },
          "sensitive_attributes": [],
          "private": "eyJlMmJmYjczMC1lY2FhLTExZTYtOGY4OC0zNDM2M2JjN2M0YzAiOnsiY3JlYXRlIjo2MDAwMDAwMDAwMDAsImRlbGV0ZSI6MTIwMDAwMDAwMDAwMH0sInNjaGVtYV92ZXJzaW9uIjoiMSJ9",
          "dependencies": [
            "aws_vpc.vpc",
            "data.aws_availability_zones.azs"
          ]
        }
      ]
    },
    {
      "mode": "managed",
      "type": "aws_subnet",
      "name": "public2",
      "provider": "provider[\"registry.terraform.io/hashicorp/aws\"]",
      "instances": [
        {
          "schema_version": 1,
          "attributes": {
            "arn": "arn:aws:ec2:sa-east-1:391504138775:subnet/subnet-0773c71e74474adec",
            "assign_ipv6_address_on_creation": false,
            "availability_zone": "sa-east-1b",
            "availability_zone_id": "sae1-az2",
            "cidr_block": "10.0.2.0/24",
            "customer_owned_ipv4_pool": "",
            "enable_dns64": false,
            "enable_resource_name_dns_a_record_on_launch": false,
            "enable_resource_name_dns_aaaa_record_on_launch": false,
            "id": "subnet-0773c71e74474adec",
            "ipv6_cidr_block": "",
            "ipv6_cidr_block_association_id": "",
            "ipv6_native": false,
            "map_customer_owned_ip_on_launch": false,
            "map_public_ip_on_launch": false,
            "outpost_arn": "",
            "owner_id": "391504138775",
            "private_dns_hostname_type_on_launch": "ip-name",
            "tags": {
              "Name": "terraform-public-2"
            },
            "tags_all": {
              "Name": "terraform-public-2"
            },
            "timeouts": null,
            "vpc_id": "vpc-0641b8855c1034fae"
          },
          "sensitive_attributes": [],
          "private": "eyJlMmJmYjczMC1lY2FhLTExZTYtOGY4OC0zNDM2M2JjN2M0YzAiOnsiY3JlYXRlIjo2MDAwMDAwMDAwMDAsImRlbGV0ZSI6MTIwMDAwMDAwMDAwMH0sInNjaGVtYV92ZXJzaW9uIjoiMSJ9",
          "dependencies": [
            "aws_vpc.vpc",
            "data.aws_availability_zones.azs"
          ]
        }
      ]
    },
    {
      "mode": "managed",
      "type": "aws_vpc",
      "name": "vpc",
      "provider": "provider[\"registry.terraform.io/hashicorp/aws\"]",
      "instances": [
        {
          "schema_version": 1,
          "attributes": {
            "arn": "arn:aws:ec2:sa-east-1:391504138775:vpc/vpc-0641b8855c1034fae",
            "assign_generated_ipv6_cidr_block": false,
            "cidr_block": "10.0.0.0/16",
            "default_network_acl_id": "acl-053a0521cace6b367",
            "default_route_table_id": "rtb-0ba566eada3017fe8",
            "default_security_group_id": "sg-065f9300c18d22fa9",
            "dhcp_options_id": "dopt-63accb04",
            "enable_classiclink": false,
            "enable_classiclink_dns_support": false,
            "enable_dns_hostnames": false,
            "enable_dns_support": true,
            "id": "vpc-0641b8855c1034fae",
            "instance_tenancy": "default",
            "ipv4_ipam_pool_id": null,
            "ipv4_netmask_length": null,
            "ipv6_association_id": "",
            "ipv6_cidr_block": "",
            "ipv6_cidr_block_network_border_group": "",
            "ipv6_ipam_pool_id": "",
            "ipv6_netmask_length": 0,
            "main_route_table_id": "rtb-0ba566eada3017fe8",
            "owner_id": "391504138775",
            "tags": {
              "Name": "terraform-vpc"
            },
            "tags_all": {
              "Name": "terraform-vpc"
            }
          },
          "sensitive_attributes": [],
          "private": "eyJzY2hlbWFfdmVyc2lvbiI6IjEifQ=="
        }
      ]
    }
  ]
}
